
Microsoft Visual Studio Solution File, Format Version 12.00
# Visual Studio Version 17
VisualStudioVersion = 17.1.32414.318
MinimumVisualStudioVersion = 10.0.40219.1
Project("{FAE04EC0-301F-11D3-BF4B-00C04F79EFBC}") = "AuthServer.Shared", "AuthServer.Shared\AuthServer.Shared.csproj", "{C643C031-D466-4415-AD89-595662197DB6}"
EndProject
Project("{FAE04EC0-301F-11D3-BF4B-00C04F79EFBC}") = "AuthServer.Host", "AuthServer.Host\AuthServer.Host.csproj", "{0AC9CCCD-C625-4A08-8AA5-27B0C66915D4}"
EndProject
Global
	GlobalSection(SolutionConfigurationPlatforms) = preSolution
		Debug|Any CPU = Debug|Any CPU
		Release|Any CPU = Release|Any CPU
	EndGlobalSection
	GlobalSection(ProjectConfigurationPlatforms) = postSolution
		{C643C031-D466-4415-AD89-595662197DB6}.Debug|Any CPU.ActiveCfg = Debug|Any CPU
		{C643C031-D466-4415-AD89-595662197DB6}.Debug|Any CPU.Build.0 = Debug|Any CPU
		{C643C031-D466-4415-AD89-595662197DB6}.Release|Any CPU.ActiveCfg = Release|Any CPU
		{C643C031-D466-4415-AD89-595662197DB6}.Release|Any CPU.Build.0 = Release|Any CPU
		{0AC9CCCD-C625-4A08-8AA5-27B0C66915D4}.Debug|Any CPU.ActiveCfg = Debug|Any CPU
		{0AC9CCCD-C625-4A08-8AA5-27B0C66915D4}.Debug|Any CPU.Build.0 = Debug|Any CPU
		{0AC9CCCD-C625-4A08-8AA5-27B0C66915D4}.Release|Any CPU.ActiveCfg = Release|Any CPU
		{0AC9CCCD-C625-4A08-8AA5-27B0C66915D4}.Release|Any CPU.Build.0 = Release|Any CPU
	EndGlobalSection
	GlobalSection(SolutionProperties) = preSolution
		HideSolutionNode = FALSE
	EndGlobalSection
	GlobalSection(ExtensibilityGlobals) = postSolution
		SolutionGuid = {6E822DBE-685A-4122-A635-1183011FFD64}
	EndGlobalSection
EndGlobal
